{
  "requires": true,
  "lockfileVersion": 1,
  "dependencies": {
    "formidable": {
      "version": "1.2.2",
      "resolved": "https://registry.npmjs.org/formidable/-/formidable-1.2.2.tgz",
      "integrity": "sha512-V8gLm+41I/8kguQ4/o1D3RIHRmhYFG4pnNyonvua+40rqcEmT4+V71yaZ3B457xbbgCsCfjSPi65u/W6vK1U5Q=="
    },
    "from": {
      "version": "0.1.7",
      "resolved": "https://registry.npmjs.org/from/-/from-0.1.7.tgz",
      "integrity": "sha1-g8YK/Fi5xWmXAH7Rp2izqzA6RP4="
    },
    "idable": {
      "version": "1.0.0",
      "resolved": "https://registry.npmjs.org/idable/-/idable-1.0.0.tgz",
      "integrity": "sha512-uVNWF2KRrAQ3dthh01SXwQrkHCnb3gvPZcIIjRn7+ZZkOIH502TTuKNddCg/Fg7Euodi21mupLMO556jJLzLBw=="
    }
  }
}
